{
  "name": "es-6.2",
  "version": "1.0.0",
  "lockfileVersion": 3,
  "requires": true,
  "packages": {
    "": {
      "name": "es-6.2",
      "version": "1.0.0",
      "license": "ISC",
      "dependencies": {
        "csv-reader": "^1.0.12",
        "parse-csv-stream": "^2.0.2"
      }
    },
    "node_modules/csv-reader": {
      "version": "1.0.12",
      "resolved": "https://registry.npmjs.org/csv-reader/-/csv-reader-1.0.12.tgz",
      "integrity": "sha512-0AAgazKJUywtjvZbclNuovIiQY/WyvojWw15Y2k3kPixE+pDiOFnfg5FcH3CfDqqnrB2f3p5oPAc446EXD01Tw==",
      "engines": {
        "node": ">=8.0.0"
      }
    },
    "node_modules/parse-csv-stream": {
      "version": "2.0.2",
      "resolved": "https://registry.npmjs.org/parse-csv-stream/-/parse-csv-stream-2.0.2.tgz",
      "integrity": "sha512-TUJpyI/3Nq7swxR2ZfZAfGqCquxcgrWeFwRnJDkdYwF2hWLzNbxhRz1aoCRItFVDQkzWTZjQCvyjeRqUeEBehQ=="
    }
  }
}
